// !$*UTF8*$!
{
	archiveVersion = 1;
	classes = {
	};
	objectVersion = 50;
	objects = {

/* Begin PBXBuildFile section */
		116137A42785E62F00E56E66 /* ListExample1App.swift in Sources */ = {isa = PBXBuildFile; fileRef = 116137A32785E62F00E56E66 /* ListExample1App.swift */; };
		116137A62785E62F00E56E66 /* ContentView.swift in Sources */ = {isa = PBXBuildFile; fileRef = 116137A52785E62F00E56E66 /* ContentView.swift */; };
		116137A82785E63400E56E66 /* Assets.xcassets in Resources */ = {isa = PBXBuildFile; fileRef = 116137A72785E63400E56E66 /* Assets.xcassets */; };
		116137AB2785E63400E56E66 /* Preview Assets.xcassets in Resources */ = {isa = PBXBuildFile; fileRef = 116137AA2785E63400E56E66 /* Preview Assets.xcassets */; };
		116137B62785E63500E56E66 /* ListExample1Tests.swift in Sources */ = {isa = PBXBuildFile; fileRef = 116137B52785E63500E56E66 /* ListExample1Tests.swift */; };
		116137C12785E63500E56E66 /* ListExample1UITests.swift in Sources */ = {isa = PBXBuildFile; fileRef = 116137C02785E63500E56E66 /* ListExample1UITests.swift */; };
/* End PBXBuildFile section */

/* Begin PBXContainerItemProxy section */
		116137B22785E63500E56E66 /* PBXContainerItemProxy */ = {
			isa = PBXContainerItemProxy;
			containerPortal = 116137982785E62F00E56E66 /* Project object */;
			proxyType = 1;
			remoteGlobalIDString = 1161379F2785E62F00E56E66;
			remoteInfo = ListExample1;
		};
		116137BD2785E63500E56E66 /* PBXContainerItemProxy */ = {
			isa = PBXContainerItemProxy;
			containerPortal = 116137982785E62F00E56E66 /* Project object */;
			proxyType = 1;
			remoteGlobalIDString = 1161379F2785E62F00E56E66;
			remoteInfo = ListExample1;
		};
/* End PBXContainerItemProxy section */

/* Begin PBXFileReference section */
		116137A02785E62F00E56E66 /* ListExample1.app */ = {isa = PBXFileReference; explicitFileType = wrapper.application; includeInIndex = 0; path = ListExample1.app; sourceTree = BUILT_PRODUCTS_DIR; };
		116137A32785E62F00E56E66 /* ListExample1App.swift */ = {isa = PBXFileReference; lastKnownFileType = sourcecode.swift; path = ListExample1App.swift; sourceTree = "<group>"; };
		116137A52785E62F00E56E66 /* ContentView.swift */ = {isa = PBXFileReference; lastKnownFileType = sourcecode.swift; path = ContentView.swift; sourceTree = "<group>"; };
		116137A72785E63400E56E66 /* Assets.xcassets */ = {isa = PBXFileReference; lastKnownFileType = folder.assetcatalog; path = Assets.xcassets; sourceTree = "<group>"; };
		116137AA2785E63400E56E66 /* Preview Assets.xcassets */ = {isa = PBXFileReference; lastKnownFileType = folder.assetcatalog; path = "Preview Assets.xcassets"; sourceTree = "<group>"; };
		116137AC2785E63400E56E66 /* Info.plist */ = {isa = PBXFileReference; lastKnownFileType = text.plist.xml; path = Info.plist; sourceTree = "<group>"; };
		116137B12785E63500E56E66 /* ListExample1Tests.xctest */ = {isa = PBXFileReference; explicitFileType = wrapper.cfbundle; includeInIndex = 0; path = ListExample1Tests.xctest; sourceTree = BUILT_PRODUCTS_DIR; };
		116137B52785E63500E56E66 /* ListExample1Tests.swift */ = {isa = PBXFileReference; lastKnownFileType = sourcecode.swift; path = ListExample1Tests.swift; sourceTree = "<group>"; };
		116137B72785E63500E56E66 /* Info.plist */ = {isa = PBXFileReference; lastKnownFileType = text.plist.xml; path = Info.plist; sourceTree = "<group>"; };
		116137BC2785E63500E56E66 /* ListExample1UITests.xctest */ = {isa = PBXFileReference; explicitFileType = wrapper.cfbundle; includeInIndex = 0; path = ListExample1UITests.xctest; sourceTree = BUILT_PRODUCTS_DIR; };
		116137C02785E63500E56E66 /* ListExample1UITests.swift */ = {isa = PBXFileReference; lastKnownFileType = sourcecode.swift; path = ListExample1UITests.swift; sourceTree = "<group>"; };
		116137C22785E63500E56E66 /* Info.plist */ = {isa = PBXFileReference; lastKnownFileType = text.plist.xml; path = Info.plist; sourceTree = "<group>"; };
/* End PBXFileReference section */

/* Begin PBXFrameworksBuildPhase section */
		1161379D2785E62F00E56E66 /* Frameworks */ = {
			isa = PBXFrameworksBuildPhase;
			buildActionMask = 2147483647;
			files = (
			);
			runOnlyForDeploymentPostprocessing = 0;
		};
		116137AE2785E63500E56E66 /* Frameworks */ = {
			isa = PBXFrameworksBuildPhase;
			buildActionMask = 2147483647;
			files = (
			);
			runOnlyForDeploymentPostprocessing = 0;
		};
		116137B92785E63500E56E66 /* Frameworks */ = {
			isa = PBXFrameworksBuildPhase;
			buildActionMask = 2147483647;
			files = (
			);
			runOnlyForDeploymentPostprocessing = 0;
		};
/* End PBXFrameworksBuildPhase section */

/* Begin PBXGroup section */
		116137972785E62F00E56E66 = {
			isa = PBXGroup;
			children = (
				116137A22785E62F00E56E66 /* ListExample1 */,
				116137B42785E63500E56E66 /* ListExample1Tests */,
				116137BF2785E63500E56E66 /* ListExample1UITests */,
				116137A12785E62F00E56E66 /* Products */,
			);
			sourceTree = "<group>";
		};
		116137A12785E62F00E56E66 /* Products */ = {
			isa = PBXGroup;
			children = (
				116137A02785E62F00E56E66 /* ListExample1.app */,
				116137B12785E63500E56E66 /* ListExample1Tests.xctest */,
				116137BC2785E63500E56E66 /* ListExample1UITests.xctest */,
			);
			name = Products;
			sourceTree = "<group>";
		};
		116137A22785E62F00E56E66 /* ListExample1 */ = {
			isa = PBXGroup;
			children = (
				116137A32785E62F00E56E66 /* ListExample1App.swift */,
				116137A52785E62F00E56E66 /* ContentView.swift */,
				116137A72785E63400E56E66 /* Assets.xcassets */,
				116137AC2785E63400E56E66 /* Info.plist */,
				116137A92785E63400E56E66 /* Preview Content */,
			);
			path = ListExample1;
			sourceTree = "<group>";
		};
		116137A92785E63400E56E66 /* Preview Content */ = {
			isa = PBXGroup;
			children = (
				116137AA2785E63400E56E66 /* Preview Assets.xcassets */,
			);
			path = "Preview Content";
			sourceTree = "<group>";
		};
		116137B42785E63500E56E66 /* ListExample1Tests */ = {
			isa = PBXGroup;
			children = (
				116137B52785E63500E56E66 /* ListExample1Tests.swift */,
				116137B72785E63500E56E66 /* Info.plist */,
			);
			path = ListExample1Tests;
			sourceTree = "<group>";
		};
		116137BF2785E63500E56E66 /* ListExample1UITests */ = {
			isa = PBXGroup;
			children = (
				116137C02785E63500E56E66 /* ListExample1UITests.swift */,
				116137C22785E63500E56E66 /* Info.plist */,
			);
			path = ListExample1UITests;
			sourceTree = "<group>";
		};
/* End PBXGroup section */

/* Begin PBXNativeTarget section */
		1161379F2785E62F00E56E66 /* ListExample1 */ = {
			isa = PBXNativeTarget;
			buildConfigurationList = 116137C52785E63500E56E66 /* Build configuration list for PBXNativeTarget "ListExample1" */;
			buildPhases = (
				1161379C2785E62F00E56E66 /* Sources */,
				1161379D2785E62F00E56E66 /* Frameworks */,
				1161379E2785E62F00E56E66 /* Resources */,
			);
			buildRules = (
			);
			dependencies = (
			);
			name = ListExample1;
			productName = ListExample1;
			productReference = 116137A02785E62F00E56E66 /* ListExample1.app */;
			productType = "com.apple.product-type.application";
		};
		116137B02785E63500E56E66 /* ListExample1Tests */ = {
			isa = PBXNativeTarget;
			buildConfigurationList = 116137C82785E63500E56E66 /* Build configuration list for PBXNativeTarget "ListExample1Tests" */;
			buildPhases = (
				116137AD2785E63500E56E66 /* Sources */,
				116137AE2785E63500E56E66 /* Frameworks */,
				116137AF2785E63500E56E66 /* Resources */,
			);
			buildRules = (
			);
			dependencies = (
				116137B32785E63500E56E66 /* PBXTargetDependency */,
			);
			name = ListExample1Tests;
			productName = ListExample1Tests;
			productReference = 116137B12785E63500E56E66 /* ListExample1Tests.xctest */;
			productType = "com.apple.product-type.bundle.unit-test";
		};
		116137BB2785E63500E56E66 /* ListExample1UITests */ = {
			isa = PBXNativeTarget;
			buildConfigurationList = 116137CB2785E63500E56E66 /* Build configuration list for PBXNativeTarget "ListExample1UITests" */;
			buildPhases = (
				116137B82785E63500E56E66 /* Sources */,
				116137B92785E63500E56E66 /* Frameworks */,
				116137BA2785E63500E56E66 /* Resources */,
			);
			buildRules = (
			);
			dependencies = (
				116137BE2785E63500E56E66 /* PBXTargetDependency */,
			);
			name = ListExample1UITests;
			productName = ListExample1UITests;
			productReference = 116137BC2785E63500E56E66 /* ListExample1UITests.xctest */;
			productType = "com.apple.product-type.bundle.ui-testing";
		};
/* End PBXNativeTarget section */

/* Begin PBXProject section */
		116137982785E62F00E56E66 /* Project object */ = {
			isa = PBXProject;
			attributes = {
				LastSwiftUpdateCheck = 1250;
				LastUpgradeCheck = 1250;
				TargetAttributes = {
					1161379F2785E62F00E56E66 = {
						CreatedOnToolsVersion = 12.5;
					};
					116137B02785E63500E56E66 = {
						CreatedOnToolsVersion = 12.5;
						TestTargetID = 1161379F2785E62F00E56E66;
					};
					116137BB2785E63500E56E66 = {
						CreatedOnToolsVersion = 12.5;
						TestTargetID = 1161379F2785E62F00E56E66;
					};
				};
			};
			buildConfigurationList = 1161379B2785E62F00E56E66 /* Build configuration list for PBXProject "ListExample1" */;
			compatibilityVersion = "Xcode 9.3";
			developmentRegion = en;
			hasScannedForEncodings = 0;
			knownRegions = (
				en,
				Base,
			);
			mainGroup = 116137972785E62F00E56E66;
			productRefGroup = 116137A12785E62F00E56E66 /* Products */;
			projectDirPath = "";
			projectRoot = "";
			targets = (
				1161379F2785E62F00E56E66 /* ListExample1 */,
				116137B02785E63500E56E66 /* ListExample1Tests */,
				116137BB2785E63500E56E66 /* ListExample1UITests */,
			);
		};
/* End PBXProject section */

/* Begin PBXResourcesBuildPhase section */
		1161379E2785E62F00E56E66 /* Resources */ = {
			isa = PBXResourcesBuildPhase;
			buildActionMask = 2147483647;
			files = (
				116137AB2785E63400E56E66 /* Preview Assets.xcassets in Resources */,
				116137A82785E63400E56E66 /* Assets.xcassets in Resources */,
			);
			runOnlyForDeploymentPostprocessing = 0;
		};
		116137AF2785E63500E56E66 /* Resources */ = {
			isa = PBXResourcesBuildPhase;
			buildActionMask = 2147483647;
			files = (
			);
			runOnlyForDeploymentPostprocessing = 0;
		};
		116137BA2785E63500E56E66 /* Resources */ = {
			isa = PBXResourcesBuildPhase;
			buildActionMask = 2147483647;
			files = (
			);
			runOnlyForDeploymentPostprocessing = 0;
		};
/* End PBXResourcesBuildPhase section */

/* Begin PBXSourcesBuildPhase section */
		1161379C2785E62F00E56E66 /* Sources */ = {
			isa = PBXSourcesBuildPhase;
			buildActionMask = 2147483647;
			files = (
				116137A62785E62F00E56E66 /* ContentView.swift in Sources */,
				116137A42785E62F00E56E66 /* ListExample1App.swift in Sources */,
			);
			runOnlyForDeploymentPostprocessing = 0;
		};
		116137AD2785E63500E56E66 /* Sources */ = {
			isa = PBXSourcesBuildPhase;
			buildActionMask = 2147483647;
			files = (
				116137B62785E63500E56E66 /* ListExample1Tests.swift in Sources */,
			);
			runOnlyForDeploymentPostprocessing = 0;
		};
		116137B82785E63500E56E66 /* Sources */ = {
			isa = PBXSourcesBuildPhase;
			buildActionMask = 2147483647;
			files = (
				116137C12785E63500E56E66 /* ListExample1UITests.swift in Sources */,
			);
			runOnlyForDeploymentPostprocessing = 0;
		};
/* End PBXSourcesBuildPhase section */

/* Begin PBXTargetDependency section */
		116137B32785E63500E56E66 /* PBXTargetDependency */ = {
			isa = PBXTargetDependency;
			target = 1161379F2785E62F00E56E66 /* ListExample1 */;
			targetProxy = 116137B22785E63500E56E66 /* PBXContainerItemProxy */;
		};
		116137BE2785E63500E56E66 /* PBXTargetDependency */ = {
			isa = PBXTargetDependency;
			target = 1161379F2785E62F00E56E66 /* ListExample1 */;
			targetProxy = 116137BD2785E63500E56E66 /* PBXContainerItemProxy */;
		};
/* End PBXTargetDependency section */

/* Begin XCBuildConfiguration section */
		116137C32785E63500E56E66 /* Debug */ = {
			isa = XCBuildConfiguration;
			buildSettings = {
				ALWAYS_SEARCH_USER_PATHS = NO;
				CLANG_ANALYZER_NONNULL = YES;
				CLANG_ANALYZER_NUMBER_OBJECT_CONVERSION = YES_AGGRESSIVE;
				CLANG_CXX_LANGUAGE_STANDARD = "gnu++14";
				CLANG_CXX_LIBRARY = "libc++";
				CLANG_ENABLE_MODULES = YES;
				CLANG_ENABLE_OBJC_ARC = YES;
				CLANG_ENABLE_OBJC_WEAK = YES;
				CLANG_WARN_BLOCK_CAPTURE_AUTORELEASING = YES;
				CLANG_WARN_BOOL_CONVERSION = YES;
				CLANG_WARN_COMMA = YES;
				CLANG_WARN_CONSTANT_CONVERSION = YES;
				CLANG_WARN_DEPRECATED_OBJC_IMPLEMENTATIONS = YES;
				CLANG_WARN_DIRECT_OBJC_ISA_USAGE = YES_ERROR;
				CLANG_WARN_DOCUMENTATION_COMMENTS = YES;
				CLANG_WARN_EMPTY_BODY = YES;
				CLANG_WARN_ENUM_CONVERSION = YES;
				CLANG_WARN_INFINITE_RECURSION = YES;
				CLANG_WARN_INT_CONVERSION = YES;
				CLANG_WARN_NON_LITERAL_NULL_CONVERSION = YES;
				CLANG_WARN_OBJC_IMPLICIT_RETAIN_SELF = YES;
				CLANG_WARN_OBJC_LITERAL_CONVERSION = YES;
				CLANG_WARN_OBJC_ROOT_CLASS = YES_ERROR;
				CLANG_WARN_QUOTED_INCLUDE_IN_FRAMEWORK_HEADER = YES;
				CLANG_WARN_RANGE_LOOP_ANALYSIS = YES;
				CLANG_WARN_STRICT_PROTOTYPES = YES;
				CLANG_WARN_SUSPICIOUS_MOVE = YES;
				CLANG_WARN_UNGUARDED_AVAILABILITY = YES_AGGRESSIVE;
				CLANG_WARN_UNREACHABLE_CODE = YES;
				CLANG_WARN__DUPLICATE_METHOD_MATCH = YES;
				COPY_PHASE_STRIP = NO;
				DEBUG_INFORMATION_FORMAT = dwarf;
				ENABLE_STRICT_OBJC_MSGSEND = YES;
				ENABLE_TESTABILITY = YES;
				GCC_C_LANGUAGE_STANDARD = gnu11;
				GCC_DYNAMIC_NO_PIC = NO;
				GCC_NO_COMMON_BLOCKS = YES;
				GCC_OPTIMIZATION_LEVEL = 0;
				GCC_PREPROCESSOR_DEFINITIONS = (
					"DEBUG=1",
					"$(inherited)",
				);
				GCC_WARN_64_TO_32_BIT_CONVERSION = YES;
				GCC_WARN_ABOUT_RETURN_TYPE = YES_ERROR;
				GCC_WARN_UNDECLARED_SELECTOR = YES;
				GCC_WARN_UNINITIALIZED_AUTOS = YES_AGGRESSIVE;
				GCC_WARN_UNUSED_FUNCTION = YES;
				GCC_WARN_UNUSED_VARIABLE = YES;
				IPHONEOS_DEPLOYMENT_TARGET = 14.5;
				MTL_ENABLE_DEBUG_INFO = INCLUDE_SOURCE;
				MTL_FAST_MATH = YES;
				ONLY_ACTIVE_ARCH = YES;
				SDKROOT = iphoneos;
				SWIFT_ACTIVE_COMPILATION_CONDITIONS = DEBUG;
				SWIFT_OPTIMIZATION_LEVEL = "-Onone";
			};
			name = Debug;
		};
		116137C42785E63500E56E66 /* Release */ = {
			isa = XCBuildConfiguration;
			buildSettings = {
				ALWAYS_SEARCH_USER_PATHS = NO;
				CLANG_ANALYZER_NONNULL = YES;
				CLANG_ANALYZER_NUMBER_OBJECT_CONVERSION = YES_AGGRESSIVE;
				CLANG_CXX_LANGUAGE_STANDARD = "gnu++14";
				CLANG_CXX_LIBRARY = "libc++";
				CLANG_ENABLE_MODULES = YES;
				CLANG_ENABLE_OBJC_ARC = YES;
				CLANG_ENABLE_OBJC_WEAK = YES;
				CLANG_WARN_BLOCK_CAPTURE_AUTORELEASING = YES;
				CLANG_WARN_BOOL_CONVERSION = YES;
				CLANG_WARN_COMMA = YES;
				CLANG_WARN_CONSTANT_CONVERSION = YES;
				CLANG_WARN_DEPRECATED_OBJC_IMPLEMENTATIONS = YES;
				CLANG_WARN_DIRECT_OBJC_ISA_USAGE = YES_ERROR;
				CLANG_WARN_DOCUMENTATION_COMMENTS = YES;
				CLANG_WARN_EMPTY_BODY = YES;
				CLANG_WARN_ENUM_CONVERSION = YES;
				CLANG_WARN_INFINITE_RECURSION = YES;
				CLANG_WARN_INT_CONVERSION = YES;
				CLANG_WARN_NON_LITERAL_NULL_CONVERSION = YES;
				CLANG_WARN_OBJC_IMPLICIT_RETAIN_SELF = YES;
				CLANG_WARN_OBJC_LITERAL_CONVERSION = YES;
				CLANG_WARN_OBJC_ROOT_CLASS = YES_ERROR;
				CLANG_WARN_QUOTED_INCLUDE_IN_FRAMEWORK_HEADER = YES;
				CLANG_WARN_RANGE_LOOP_ANALYSIS = YES;
				CLANG_WARN_STRICT_PROTOTYPES = YES;
				CLANG_WARN_SUSPICIOUS_MOVE = YES;
				CLANG_WARN_UNGUARDED_AVAILABILITY = YES_AGGRESSIVE;
				CLANG_WARN_UNREACHABLE_CODE = YES;
				CLANG_WARN__DUPLICATE_METHOD_MATCH = YES;
				COPY_PHASE_STRIP = NO;
				DEBUG_INFORMATION_FORMAT = "dwarf-with-dsym";
				ENABLE_NS_ASSERTIONS = NO;
				ENABLE_STRICT_OBJC_MSGSEND = YES;
				GCC_C_LANGUAGE_STANDARD = gnu11;
				GCC_NO_COMMON_BLOCKS = YES;
				GCC_WARN_64_TO_32_BIT_CONVERSION = YES;
				GCC_WARN_ABOUT_RETURN_TYPE = YES_ERROR;
				GCC_WARN_UNDECLARED_SELECTOR = YES;
				GCC_WARN_UNINITIALIZED_AUTOS = YES_AGGRESSIVE;
				GCC_WARN_UNUSED_FUNCTION = YES;
				GCC_WARN_UNUSED_VARIABLE = YES;
				IPHONEOS_DEPLOYMENT_TARGET = 14.5;
				MTL_ENABLE_DEBUG_INFO = NO;
				MTL_FAST_MATH = YES;
				SDKROOT = iphoneos;
				SWIFT_COMPILATION_MODE = wholemodule;
				SWIFT_OPTIMIZATION_LEVEL = "-O";
				VALIDATE_PRODUCT = YES;
			};
			name = Release;
		};
		116137C62785E63500E56E66 /* Debug */ = {
			isa = XCBuildConfiguration;
			buildSettings = {
				ASSETCATALOG_COMPILER_APPICON_NAME = AppIcon;
				ASSETCATALOG_COMPILER_GLOBAL_ACCENT_COLOR_NAME = AccentColor;
				CODE_SIGN_STYLE = Automatic;
				DEVELOPMENT_ASSET_PATHS = "\"ListExample1/Preview Content\"";
				DEVELOPMENT_TEAM = W2VUT3Q4GR;
				ENABLE_PREVIEWS = YES;
				INFOPLIST_FILE = ListExample1/Info.plist;
				IPHONEOS_DEPLOYMENT_TARGET = 14.0;
				LD_RUNPATH_SEARCH_PATHS = (
					"$(inherited)",
					"@executable_path/Frameworks",
				);
				PRODUCT_BUNDLE_IDENTIFIER = "https---github.com-odong1989.ListExample1";
				PRODUCT_NAME = "$(TARGET_NAME)";
				SWIFT_VERSION = 5.0;
				TARGETED_DEVICE_FAMILY = "1,2";
			};
			name = Debug;
		};
		116137C72785E63500E56E66 /* Release */ = {
			isa = XCBuildConfiguration;
			buildSettings = {
				ASSETCATALOG_COMPILER_APPICON_NAME = AppIcon;
				ASSETCATALOG_COMPILER_GLOBAL_ACCENT_COLOR_NAME = AccentColor;
				CODE_SIGN_STYLE = Automatic;
				DEVELOPMENT_ASSET_PATHS = "\"ListExample1/Preview Content\"";
				DEVELOPMENT_TEAM = W2VUT3Q4GR;
				ENABLE_PREVIEWS = YES;
				INFOPLIST_FILE = ListExample1/Info.plist;
				IPHONEOS_DEPLOYMENT_TARGET = 14.0;
				LD_RUNPATH_SEARCH_PATHS = (
					"$(inherited)",
					"@executable_path/Frameworks",
				);
				PRODUCT_BUNDLE_IDENTIFIER = "https---github.com-odong1989.ListExample1";
				PRODUCT_NAME = "$(TARGET_NAME)";
				SWIFT_VERSION = 5.0;
				TARGETED_DEVICE_FAMILY = "1,2";
			};
			name = Release;
		};
		116137C92785E63500E56E66 /* Debug */ = {
			isa = XCBuildConfiguration;
			buildSettings = {
				ALWAYS_EMBED_SWIFT_STANDARD_LIBRARIES = YES;
				BUNDLE_LOADER = "$(TEST_HOST)";
				CODE_SIGN_STYLE = Automatic;
				DEVELOPMENT_TEAM = W2VUT3Q4GR;
				INFOPLIST_FILE = ListExample1Tests/Info.plist;
				IPHONEOS_DEPLOYMENT_TARGET = 14.0;
				LD_RUNPATH_SEARCH_PATHS = (
					"$(inherited)",
					"@executable_path/Frameworks",
					"@loader_path/Frameworks",
				);
				PRODUCT_BUNDLE_IDENTIFIER = "https---github.com-odong1989.ListExample1Tests";
				PRODUCT_NAME = "$(TARGET_NAME)";
				SWIFT_VERSION = 5.0;
				TARGETED_DEVICE_FAMILY = "1,2";
				TEST_HOST = "$(BUILT_PRODUCTS_DIR)/ListExample1.app/ListExample1";
			};
			name = Debug;
		};
		116137CA2785E63500E56E66 /* Release */ = {
			isa = XCBuildConfiguration;
			buildSettings = {
				ALWAYS_EMBED_SWIFT_STANDARD_LIBRARIES = YES;
				BUNDLE_LOADER = "$(TEST_HOST)";
				CODE_SIGN_STYLE = Automatic;
				DEVELOPMENT_TEAM = W2VUT3Q4GR;
				INFOPLIST_FILE = ListExample1Tests/Info.plist;
				IPHONEOS_DEPLOYMENT_TARGET = 14.0;
				LD_RUNPATH_SEARCH_PATHS = (
					"$(inherited)",
					"@executable_path/Frameworks",
					"@loader_path/Frameworks",
				);
				PRODUCT_BUNDLE_IDENTIFIER = "https---github.com-odong1989.ListExample1Tests";
				PRODUCT_NAME = "$(TARGET_NAME)";
				SWIFT_VERSION = 5.0;
				TARGETED_DEVICE_FAMILY = "1,2";
				TEST_HOST = "$(BUILT_PRODUCTS_DIR)/ListExample1.app/ListExample1";
			};
			name = Release;
		};
		116137CC2785E63500E56E66 /* Debug */ = {
			isa = XCBuildConfiguration;
			buildSettings = {
				ALWAYS_EMBED_SWIFT_STANDARD_LIBRARIES = YES;
				CODE_SIGN_STYLE = Automatic;
				DEVELOPMENT_TEAM = W2VUT3Q4GR;
				INFOPLIST_FILE = ListExample1UITests/Info.plist;
				LD_RUNPATH_SEARCH_PATHS = (
					"$(inherited)",
					"@executable_path/Frameworks",
					"@loader_path/Frameworks",
				);
				PRODUCT_BUNDLE_IDENTIFIER = "https---github.com-odong1989.ListExample1UITests";
				PRODUCT_NAME = "$(TARGET_NAME)";
				SWIFT_VERSION = 5.0;
				TARGETED_DEVICE_FAMILY = "1,2";
				TEST_TARGET_NAME = ListExample1;
			};
			name = Debug;
		};
		116137CD2785E63500E56E66 /* Release */ = {
			isa = XCBuildConfiguration;
			buildSettings = {
				ALWAYS_EMBED_SWIFT_STANDARD_LIBRARIES = YES;
				CODE_SIGN_STYLE = Automatic;
				DEVELOPMENT_TEAM = W2VUT3Q4GR;
				INFOPLIST_FILE = ListExample1UITests/Info.plist;
				LD_RUNPATH_SEARCH_PATHS = (
					"$(inherited)",
					"@executable_path/Frameworks",
					"@loader_path/Frameworks",
				);
				PRODUCT_BUNDLE_IDENTIFIER = "https---github.com-odong1989.ListExample1UITests";
				PRODUCT_NAME = "$(TARGET_NAME)";
				SWIFT_VERSION = 5.0;
				TARGETED_DEVICE_FAMILY = "1,2";
				TEST_TARGET_NAME = ListExample1;
			};
			name = Release;
		};
/* End XCBuildConfiguration section */

/* Begin XCConfigurationList section */
		1161379B2785E62F00E56E66 /* Build configuration list for PBXProject "ListExample1" */ = {
			isa = XCConfigurationList;
			buildConfigurations = (
				116137C32785E63500E56E66 /* Debug */,
				116137C42785E63500E56E66 /* Release */,
			);
			defaultConfigurationIsVisible = 0;
			defaultConfigurationName = Release;
		};
		116137C52785E63500E56E66 /* Build configuration list for PBXNativeTarget "ListExample1" */ = {
			isa = XCConfigurationList;
			buildConfigurations = (
				116137C62785E63500E56E66 /* Debug */,
				116137C72785E63500E56E66 /* Release */,
			);
			defaultConfigurationIsVisible = 0;
			defaultConfigurationName = Release;
		};
		116137C82785E63500E56E66 /* Build configuration list for PBXNativeTarget "ListExample1Tests" */ = {
			isa = XCConfigurationList;
			buildConfigurations = (
				116137C92785E63500E56E66 /* Debug */,
				116137CA2785E63500E56E66 /* Release */,
			);
			defaultConfigurationIsVisible = 0;
			defaultConfigurationName = Release;
		};
		116137CB2785E63500E56E66 /* Build configuration list for PBXNativeTarget "ListExample1UITests" */ = {
			isa = XCConfigurationList;
			buildConfigurations = (
				116137CC2785E63500E56E66 /* Debug */,
				116137CD2785E63500E56E66 /* Release */,
			);
			defaultConfigurationIsVisible = 0;
			defaultConfigurationName = Release;
		};
/* End XCConfigurationList section */
	};
	rootObject = 116137982785E62F00E56E66 /* Project object */;
}
